
Microsoft Visual Studio Solution File, Format Version 12.00
# Visual Studio Version 16
VisualStudioVersion = 16.0.30011.22
MinimumVisualStudioVersion = 10.0.40219.1
Project("{FAE04EC0-301F-11D3-BF4B-00C04F79EFBC}") = "Decisions.AdobeSign.TestSuite", "Decisions.AdobeSign.TestSuite\Decisions.AdobeSign.TestSuite.csproj", "{93C0942B-7D46-4718-8988-DE0EC4E87FDB}"
EndProject
Project("{FAE04EC0-301F-11D3-BF4B-00C04F79EFBC}") = "Decisions.AdobeSign", "Decisions.AdobeSign\Decisions.AdobeSign.csproj", "{1E00C530-F837-409D-B118-FB56F835092D}"
EndProject
Global
	GlobalSection(SolutionConfigurationPlatforms) = preSolution
		Debug|Any CPU = Debug|Any CPU
		Release|Any CPU = Release|Any CPU
	EndGlobalSection
	GlobalSection(ProjectConfigurationPlatforms) = postSolution
		{93C0942B-7D46-4718-8988-DE0EC4E87FDB}.Debug|Any CPU.ActiveCfg = Debug|Any CPU
		{93C0942B-7D46-4718-8988-DE0EC4E87FDB}.Debug|Any CPU.Build.0 = Debug|Any CPU
		{93C0942B-7D46-4718-8988-DE0EC4E87FDB}.Release|Any CPU.ActiveCfg = Release|Any CPU
		{93C0942B-7D46-4718-8988-DE0EC4E87FDB}.Release|Any CPU.Build.0 = Release|Any CPU
		{1E00C530-F837-409D-B118-FB56F835092D}.Debug|Any CPU.ActiveCfg = Debug|Any CPU
		{1E00C530-F837-409D-B118-FB56F835092D}.Debug|Any CPU.Build.0 = Debug|Any CPU
		{1E00C530-F837-409D-B118-FB56F835092D}.Release|Any CPU.ActiveCfg = Release|Any CPU
		{1E00C530-F837-409D-B118-FB56F835092D}.Release|Any CPU.Build.0 = Release|Any CPU
	EndGlobalSection
	GlobalSection(SolutionProperties) = preSolution
		HideSolutionNode = FALSE
	EndGlobalSection
	GlobalSection(ExtensibilityGlobals) = postSolution
		SolutionGuid = {7F097F2B-EE89-4EF0-B753-63F54A6E7D00}
	EndGlobalSection
EndGlobal
